{
    "name": "weapp_new",
    "version": "1.0.0",
    "lockfileVersion": 1,
    "requires": true,
    "dependencies": {
        "lucky-canvas": {
            "version": "1.5.4",
            "resolved": "https://registry.nlark.com/lucky-canvas/download/lucky-canvas-1.5.4.tgz?cache=0&sync_timestamp=1620357993610&other_urls=https%3A%2F%2Fregistry.nlark.com%2Flucky-canvas%2Fdownload%2Flucky-canvas-1.5.4.tgz",
            "integrity": "sha1-Ok89wISdPRUw9Un687mTnZtpnRU="
        },
        "mini-luck-draw": {
            "version": "1.1.1",
            "resolved": "https://registry.nlark.com/mini-luck-draw/download/mini-luck-draw-1.1.1.tgz",
            "integrity": "sha1-Cia0SXIT5QHhgVcOhZm8ZXrRHQU=",
            "requires": {
                "lucky-canvas": "^1.5.3"
            }
        }
    }
}